PODS:
  - Charts (2.2.5):
    - Charts/Core (= 2.2.5)
  - Charts/Core (2.2.5)
  - SwiftyJSON (2.3.2)

DEPENDENCIES:
  - Charts (from `https://github.com/consenlabs/Charts.git`, branch `Swift-3.0`)
  - SwiftyJSON (from `https://github.com/IBM-Swift/SwiftyJSON.git`)

EXTERNAL SOURCES:
  Charts:
    :branch: Swift-3.0
    :git: https://github.com/consenlabs/Charts.git
  SwiftyJSON:
    :git: https://github.com/IBM-Swift/SwiftyJSON.git

CHECKOUT OPTIONS:
  Charts:
    :commit: 394973c282bfa5e503ffef7434767c869feb3c07
    :git: https://github.com/consenlabs/Charts.git
  SwiftyJSON:
    :commit: 21e2e6ba20cc2c0e35162798f0729bb0c4cbe23d
    :git: https://github.com/IBM-Swift/SwiftyJSON.git

SPEC CHECKSUMS:
  Charts: b48fcc8d7190de910ff9e9748f5360c8ea7856e5
  SwiftyJSON: 04ccea08915aa0109039157c7974cf0298da292a

PODFILE CHECKSUM: aac929bd21f557823b347a86938645f0faf2e84e

COCOAPODS: 1.2.0.beta.1
