PODS:
  - Charts (3.0.1):
    - Charts/Core (= 3.0.1)
  - Charts/Core (3.0.1)
  - SwiftyJSON (2.3.2)

DEPENDENCIES:
  - Charts (from `https://github.com/danielgindi/Charts.git`)
  - SwiftyJSON (from `https://github.com/IBM-Swift/SwiftyJSON.git`)

EXTERNAL SOURCES:
  Charts:
    :git: https://github.com/danielgindi/Charts.git
  SwiftyJSON:
    :git: https://github.com/IBM-Swift/SwiftyJSON.git

CHECKOUT OPTIONS:
  Charts:
    :commit: 01480585cdce3eda1e817c25a750644c2140b91a
    :git: https://github.com/danielgindi/Charts.git
  SwiftyJSON:
    :commit: 21e2e6ba20cc2c0e35162798f0729bb0c4cbe23d
    :git: https://github.com/IBM-Swift/SwiftyJSON.git

SPEC CHECKSUMS:
  Charts: 3a34c106f8f7c04cec39271d3445f1549481788b
  SwiftyJSON: 04ccea08915aa0109039157c7974cf0298da292a

PODFILE CHECKSUM: 06b80ad6c1cb29027ebc01aeddff98fd2aff698b

COCOAPODS: 1.2.0
